
Microsoft Visual Studio Solution File, Format Version 12.00
# Visual Studio Version 16
VisualStudioVersion = 16.0.31424.327
MinimumVisualStudioVersion = 10.0.40219.1
Project("{8BC9CEB8-8B4A-11D0-8D11-00A0C91BC942}") = "PerfectGameServer", "PerfectGameServer\PerfectGameServer.vcxproj", "{10B46E09-BE99-4152-8E6F-13FE09E3BDB4}"
EndProject
Project("{8BC9CEB8-8B4A-11D0-8D11-00A0C91BC942}") = "PerfectGameClient", "PerfectGameClient\PerfectGameClient.vcxproj", "{C8FE0E6D-87CA-42F9-B768-14432BF390E5}"
EndProject
Global
	GlobalSection(SolutionConfigurationPlatforms) = preSolution
		Debug|x64 = Debug|x64
		Debug|x86 = Debug|x86
		Release|x64 = Release|x64
		Release|x86 = Release|x86
	EndGlobalSection
	GlobalSection(ProjectConfigurationPlatforms) = postSolution
		{10B46E09-BE99-4152-8E6F-13FE09E3BDB4}.Debug|x64.ActiveCfg = Debug|x64
		{10B46E09-BE99-4152-8E6F-13FE09E3BDB4}.Debug|x64.Build.0 = Debug|x64
		{10B46E09-BE99-4152-8E6F-13FE09E3BDB4}.Debug|x86.ActiveCfg = Debug|Win32
		{10B46E09-BE99-4152-8E6F-13FE09E3BDB4}.Debug|x86.Build.0 = Debug|Win32
		{10B46E09-BE99-4152-8E6F-13FE09E3BDB4}.Release|x64.ActiveCfg = Release|x64
		{10B46E09-BE99-4152-8E6F-13FE09E3BDB4}.Release|x64.Build.0 = Release|x64
		{10B46E09-BE99-4152-8E6F-13FE09E3BDB4}.Release|x86.ActiveCfg = Release|Win32
		{10B46E09-BE99-4152-8E6F-13FE09E3BDB4}.Release|x86.Build.0 = Release|Win32
		{C8FE0E6D-87CA-42F9-B768-14432BF390E5}.Debug|x64.ActiveCfg = Debug|x64
		{C8FE0E6D-87CA-42F9-B768-14432BF390E5}.Debug|x64.Build.0 = Debug|x64
		{C8FE0E6D-87CA-42F9-B768-14432BF390E5}.Debug|x86.ActiveCfg = Debug|Win32
		{C8FE0E6D-87CA-42F9-B768-14432BF390E5}.Debug|x86.Build.0 = Debug|Win32
		{C8FE0E6D-87CA-42F9-B768-14432BF390E5}.Release|x64.ActiveCfg = Release|x64
		{C8FE0E6D-87CA-42F9-B768-14432BF390E5}.Release|x64.Build.0 = Release|x64
		{C8FE0E6D-87CA-42F9-B768-14432BF390E5}.Release|x86.ActiveCfg = Release|Win32
		{C8FE0E6D-87CA-42F9-B768-14432BF390E5}.Release|x86.Build.0 = Release|Win32
	EndGlobalSection
	GlobalSection(SolutionProperties) = preSolution
		HideSolutionNode = FALSE
	EndGlobalSection
	GlobalSection(ExtensibilityGlobals) = postSolution
		SolutionGuid = {EC85CFA5-4F07-4150-97DB-79DD61BE7A33}
	EndGlobalSection
EndGlobal
